
Microsoft Visual Studio Solution File, Format Version 12.00
# Visual Studio Version 17
VisualStudioVersion = 17.2.32630.192
MinimumVisualStudioVersion = 10.0.40219.1
Project("{FAE04EC0-301F-11D3-BF4B-00C04F79EFBC}") = "CustomerAPI", "CustomerAPI\CustomerAPI.csproj", "{91EFF3A1-963C-4F66-AF60-4A30B7522719}"
EndProject
Global
	GlobalSection(SolutionConfigurationPlatforms) = preSolution
		Debug|Any CPU = Debug|Any CPU
		Release|Any CPU = Release|Any CPU
	EndGlobalSection
	GlobalSection(ProjectConfigurationPlatforms) = postSolution
		{91EFF3A1-963C-4F66-AF60-4A30B7522719}.Debug|Any CPU.ActiveCfg = Debug|Any CPU
		{91EFF3A1-963C-4F66-AF60-4A30B7522719}.Debug|Any CPU.Build.0 = Debug|Any CPU
		{91EFF3A1-963C-4F66-AF60-4A30B7522719}.Release|Any CPU.ActiveCfg = Release|Any CPU
		{91EFF3A1-963C-4F66-AF60-4A30B7522719}.Release|Any CPU.Build.0 = Release|Any CPU
	EndGlobalSection
	GlobalSection(SolutionProperties) = preSolution
		HideSolutionNode = FALSE
	EndGlobalSection
	GlobalSection(ExtensibilityGlobals) = postSolution
		SolutionGuid = {7A2D0967-86FC-425E-859D-83720069A4D3}
	EndGlobalSection
EndGlobal
